{
  "name": "dsb",
  "version": "1.0.0",
  "lockfileVersion": 1,
  "requires": true,
  "dependencies": {
    "@hyperapp/html": {
      "version": "1.1.1",
      "resolved": "https://registry.npmjs.org/@hyperapp/html/-/html-1.1.1.tgz",
      "integrity": "sha512-jRlz/ED0y/pAseqAwKlJxdy78Lf7AEeykOGeYxnGE1TY0tF4SgVW53Sh72QJoGWZmrgtcHN6wKPZAmEenDCsgQ=="
    },
    "highcharts": {
      "version": "6.1.1",
      "resolved": "https://registry.npmjs.org/highcharts/-/highcharts-6.1.1.tgz",
      "integrity": "sha512-etFYUPb+CwG9mrTb08IS4k3XGXs94xSA9vNF1yTJLxL/rw6t9U0InrcMRKG7IVNc5MolMXOPAPCdkuzKXV3Gng=="
    },
    "hyperapp": {
      "version": "1.2.8",
      "resolved": "https://registry.npmjs.org/hyperapp/-/hyperapp-1.2.8.tgz",
      "integrity": "sha512-BqPu/1cJ9hWdMUYNPfmsnh92pap6IAzlG0KOJrdtdMkciJJVUOSwaQTDEaP086TmVOWwjRzlQrZngLQwAE6ocg=="
    }
  }
}
